// !$*UTF8*$!
{
	archiveVersion = 1;
	classes = {
	};
	objectVersion = 50;
	objects = {

/* Begin PBXBuildFile section */
		88AEE8CE21BA992A005C19A1 /* AppDelegate.swift in Sources */ = {isa = PBXBuildFile; fileRef = 88AEE8CD21BA992A005C19A1 /* AppDelegate.swift */; };
		88AEE8D021BA992A005C19A1 /* ViewController.swift in Sources */ = {isa = PBXBuildFile; fileRef = 88AEE8CF21BA992A005C19A1 /* ViewController.swift */; };
		88AEE8D321BA992A005C19A1 /* Main.storyboard in Resources */ = {isa = PBXBuildFile; fileRef = 88AEE8D121BA992A005C19A1 /* Main.storyboard */; };
		88AEE8D521BA992D005C19A1 /* Assets.xcassets in Resources */ = {isa = PBXBuildFile; fileRef = 88AEE8D421BA992D005C19A1 /* Assets.xcassets */; };
		88AEE8D821BA992D005C19A1 /* LaunchScreen.storyboard in Resources */ = {isa = PBXBuildFile; fileRef = 88AEE8D621BA992D005C19A1 /* LaunchScreen.storyboard */; };
		88AEE8E021BA993E005C19A1 /* GoogLeNetPlaces.mlmodel in Sources */ = {isa = PBXBuildFile; fileRef = 88AEE8DF21BA993E005C19A1 /* GoogLeNetPlaces.mlmodel */; };
/* End PBXBuildFile section */

/* Begin PBXFileReference section */
		88AEE8CA21BA992A005C19A1 /* coreML-image-classifer.app */ = {isa = PBXFileReference; explicitFileType = wrapper.application; includeInIndex = 0; path = "coreML-image-classifer.app"; sourceTree = BUILT_PRODUCTS_DIR; };
		88AEE8CD21BA992A005C19A1 /* AppDelegate.swift */ = {isa = PBXFileReference; lastKnownFileType = sourcecode.swift; path = AppDelegate.swift; sourceTree = "<group>"; };
		88AEE8CF21BA992A005C19A1 /* ViewController.swift */ = {isa = PBXFileReference; lastKnownFileType = sourcecode.swift; path = ViewController.swift; sourceTree = "<group>"; };
		88AEE8D221BA992A005C19A1 /* Base */ = {isa = PBXFileReference; lastKnownFileType = file.storyboard; name = Base; path = Base.lproj/Main.storyboard; sourceTree = "<group>"; };
		88AEE8D421BA992D005C19A1 /* Assets.xcassets */ = {isa = PBXFileReference; lastKnownFileType = folder.assetcatalog; path = Assets.xcassets; sourceTree = "<group>"; };
		88AEE8D721BA992D005C19A1 /* Base */ = {isa = PBXFileReference; lastKnownFileType = file.storyboard; name = Base; path = Base.lproj/LaunchScreen.storyboard; sourceTree = "<group>"; };
		88AEE8D921BA992D005C19A1 /* Info.plist */ = {isa = PBXFileReference; lastKnownFileType = text.plist.xml; path = Info.plist; sourceTree = "<group>"; };
		88AEE8DF21BA993E005C19A1 /* GoogLeNetPlaces.mlmodel */ = {isa = PBXFileReference; lastKnownFileType = file.mlmodel; path = GoogLeNetPlaces.mlmodel; sourceTree = "<group>"; };
/* End PBXFileReference section */

/* Begin PBXFrameworksBuildPhase section */
		88AEE8C721BA992A005C19A1 /* Frameworks */ = {
			isa = PBXFrameworksBuildPhase;
			buildActionMask = 2147483647;
			files = (
			);
			runOnlyForDeploymentPostprocessing = 0;
		};
/* End PBXFrameworksBuildPhase section */

/* Begin PBXGroup section */
		88AEE8C121BA992A005C19A1 = {
			isa = PBXGroup;
			children = (
				88AEE8CC21BA992A005C19A1 /* coreML-image-classifer */,
				88AEE8CB21BA992A005C19A1 /* Products */,
			);
			sourceTree = "<group>";
		};
		88AEE8CB21BA992A005C19A1 /* Products */ = {
			isa = PBXGroup;
			children = (
				88AEE8CA21BA992A005C19A1 /* coreML-image-classifer.app */,
			);
			name = Products;
			sourceTree = "<group>";
		};
		88AEE8CC21BA992A005C19A1 /* coreML-image-classifer */ = {
			isa = PBXGroup;
			children = (
				88AEE8CD21BA992A005C19A1 /* AppDelegate.swift */,
				88AEE8CF21BA992A005C19A1 /* ViewController.swift */,
				88AEE8D121BA992A005C19A1 /* Main.storyboard */,
				88AEE8D421BA992D005C19A1 /* Assets.xcassets */,
				88AEE8D621BA992D005C19A1 /* LaunchScreen.storyboard */,
				88AEE8D921BA992D005C19A1 /* Info.plist */,
				88AEE8DF21BA993E005C19A1 /* GoogLeNetPlaces.mlmodel */,
			);
			path = "coreML-image-classifer";
			sourceTree = "<group>";
		};
/* End PBXGroup section */

/* Begin PBXNativeTarget section */
		88AEE8C921BA992A005C19A1 /* coreML-image-classifer */ = {
			isa = PBXNativeTarget;
			buildConfigurationList = 88AEE8DC21BA992D005C19A1 /* Build configuration list for PBXNativeTarget "coreML-image-classifer" */;
			buildPhases = (
				88AEE8C621BA992A005C19A1 /* Sources */,
				88AEE8C721BA992A005C19A1 /* Frameworks */,
				88AEE8C821BA992A005C19A1 /* Resources */,
			);
			buildRules = (
			);
			dependencies = (
			);
			name = "coreML-image-classifer";
			productName = "coreML-image-classifer";
			productReference = 88AEE8CA21BA992A005C19A1 /* coreML-image-classifer.app */;
			productType = "com.apple.product-type.application";
		};
/* End PBXNativeTarget section */

/* Begin PBXProject section */
		88AEE8C221BA992A005C19A1 /* Project object */ = {
			isa = PBXProject;
			attributes = {
				LastSwiftUpdateCheck = 1010;
				LastUpgradeCheck = 1010;
				ORGANIZATIONNAME = "Pineapple team";
				TargetAttributes = {
					88AEE8C921BA992A005C19A1 = {
						CreatedOnToolsVersion = 10.1;
					};
				};
			};
			buildConfigurationList = 88AEE8C521BA992A005C19A1 /* Build configuration list for PBXProject "coreML-image-classifer" */;
			compatibilityVersion = "Xcode 9.3";
			developmentRegion = en;
			hasScannedForEncodings = 0;
			knownRegions = (
				en,
				Base,
			);
			mainGroup = 88AEE8C121BA992A005C19A1;
			productRefGroup = 88AEE8CB21BA992A005C19A1 /* Products */;
			projectDirPath = "";
			projectRoot = "";
			targets = (
				88AEE8C921BA992A005C19A1 /* coreML-image-classifer */,
			);
		};
/* End PBXProject section */

/* Begin PBXResourcesBuildPhase section */
		88AEE8C821BA992A005C19A1 /* Resources */ = {
			isa = PBXResourcesBuildPhase;
			buildActionMask = 2147483647;
			files = (
				88AEE8D821BA992D005C19A1 /* LaunchScreen.storyboard in Resources */,
				88AEE8D521BA992D005C19A1 /* Assets.xcassets in Resources */,
				88AEE8D321BA992A005C19A1 /* Main.storyboard in Resources */,
			);
			runOnlyForDeploymentPostprocessing = 0;
		};
/* End PBXResourcesBuildPhase section */

/* Begin PBXSourcesBuildPhase section */
		88AEE8C621BA992A005C19A1 /* Sources */ = {
			isa = PBXSourcesBuildPhase;
			buildActionMask = 2147483647;
			files = (
				88AEE8D021BA992A005C19A1 /* ViewController.swift in Sources */,
				88AEE8CE21BA992A005C19A1 /* AppDelegate.swift in Sources */,
				88AEE8E021BA993E005C19A1 /* GoogLeNetPlaces.mlmodel in Sources */,
			);
			runOnlyForDeploymentPostprocessing = 0;
		};
/* End PBXSourcesBuildPhase section */

/* Begin PBXVariantGroup section */
		88AEE8D121BA992A005C19A1 /* Main.storyboard */ = {
			isa = PBXVariantGroup;
			children = (
				88AEE8D221BA992A005C19A1 /* Base */,
			);
			name = Main.storyboard;
			sourceTree = "<group>";
		};
		88AEE8D621BA992D005C19A1 /* LaunchScreen.storyboard */ = {
			isa = PBXVariantGroup;
			children = (
				88AEE8D721BA992D005C19A1 /* Base */,
			);
			name = LaunchScreen.storyboard;
			sourceTree = "<group>";
		};
/* End PBXVariantGroup section */

/* Begin XCBuildConfiguration section */
		88AEE8DA21BA992D005C19A1 /* Debug */ = {
			isa = XCBuildConfiguration;
			buildSettings = {
				ALWAYS_SEARCH_USER_PATHS = NO;
				CLANG_ANALYZER_NONNULL = YES;
				CLANG_ANALYZER_NUMBER_OBJECT_CONVERSION = YES_AGGRESSIVE;
				CLANG_CXX_LANGUAGE_STANDARD = "gnu++14";
				CLANG_CXX_LIBRARY = "libc++";
				CLANG_ENABLE_MODULES = YES;
				CLANG_ENABLE_OBJC_ARC = YES;
				CLANG_ENABLE_OBJC_WEAK = YES;
				CLANG_WARN_BLOCK_CAPTURE_AUTORELEASING = YES;
				CLANG_WARN_BOOL_CONVERSION = YES;
				CLANG_WARN_COMMA = YES;
				CLANG_WARN_CONSTANT_CONVERSION = YES;
				CLANG_WARN_DEPRECATED_OBJC_IMPLEMENTATIONS = YES;
				CLANG_WARN_DIRECT_OBJC_ISA_USAGE = YES_ERROR;
				CLANG_WARN_DOCUMENTATION_COMMENTS = YES;
				CLANG_WARN_EMPTY_BODY = YES;
				CLANG_WARN_ENUM_CONVERSION = YES;
				CLANG_WARN_INFINITE_RECURSION = YES;
				CLANG_WARN_INT_CONVERSION = YES;
				CLANG_WARN_NON_LITERAL_NULL_CONVERSION = YES;
				CLANG_WARN_OBJC_IMPLICIT_RETAIN_SELF = YES;
				CLANG_WARN_OBJC_LITERAL_CONVERSION = YES;
				CLANG_WARN_OBJC_ROOT_CLASS = YES_ERROR;
				CLANG_WARN_RANGE_LOOP_ANALYSIS = YES;
				CLANG_WARN_STRICT_PROTOTYPES = YES;
				CLANG_WARN_SUSPICIOUS_MOVE = YES;
				CLANG_WARN_UNGUARDED_AVAILABILITY = YES_AGGRESSIVE;
				CLANG_WARN_UNREACHABLE_CODE = YES;
				CLANG_WARN__DUPLICATE_METHOD_MATCH = YES;
				CODE_SIGN_IDENTITY = "iPhone Developer";
				COPY_PHASE_STRIP = NO;
				DEBUG_INFORMATION_FORMAT = dwarf;
				ENABLE_STRICT_OBJC_MSGSEND = YES;
				ENABLE_TESTABILITY = YES;
				GCC_C_LANGUAGE_STANDARD = gnu11;
				GCC_DYNAMIC_NO_PIC = NO;
				GCC_NO_COMMON_BLOCKS = YES;
				GCC_OPTIMIZATION_LEVEL = 0;
				GCC_PREPROCESSOR_DEFINITIONS = (
					"DEBUG=1",
					"$(inherited)",
				);
				GCC_WARN_64_TO_32_BIT_CONVERSION = YES;
				GCC_WARN_ABOUT_RETURN_TYPE = YES_ERROR;
				GCC_WARN_UNDECLARED_SELECTOR = YES;
				GCC_WARN_UNINITIALIZED_AUTOS = YES_AGGRESSIVE;
				GCC_WARN_UNUSED_FUNCTION = YES;
				GCC_WARN_UNUSED_VARIABLE = YES;
				IPHONEOS_DEPLOYMENT_TARGET = 12.1;
				MTL_ENABLE_DEBUG_INFO = INCLUDE_SOURCE;
				MTL_FAST_MATH = YES;
				ONLY_ACTIVE_ARCH = YES;
				SDKROOT = iphoneos;
				SWIFT_ACTIVE_COMPILATION_CONDITIONS = DEBUG;
				SWIFT_OPTIMIZATION_LEVEL = "-Onone";
			};
			name = Debug;
		};
		88AEE8DB21BA992D005C19A1 /* Release */ = {
			isa = XCBuildConfiguration;
			buildSettings = {
				ALWAYS_SEARCH_USER_PATHS = NO;
				CLANG_ANALYZER_NONNULL = YES;
				CLANG_ANALYZER_NUMBER_OBJECT_CONVERSION = YES_AGGRESSIVE;
				CLANG_CXX_LANGUAGE_STANDARD = "gnu++14";
				CLANG_CXX_LIBRARY = "libc++";
				CLANG_ENABLE_MODULES = YES;
				CLANG_ENABLE_OBJC_ARC = YES;
				CLANG_ENABLE_OBJC_WEAK = YES;
				CLANG_WARN_BLOCK_CAPTURE_AUTORELEASING = YES;
				CLANG_WARN_BOOL_CONVERSION = YES;
				CLANG_WARN_COMMA = YES;
				CLANG_WARN_CONSTANT_CONVERSION = YES;
				CLANG_WARN_DEPRECATED_OBJC_IMPLEMENTATIONS = YES;
				CLANG_WARN_DIRECT_OBJC_ISA_USAGE = YES_ERROR;
				CLANG_WARN_DOCUMENTATION_COMMENTS = YES;
				CLANG_WARN_EMPTY_BODY = YES;
				CLANG_WARN_ENUM_CONVERSION = YES;
				CLANG_WARN_INFINITE_RECURSION = YES;
				CLANG_WARN_INT_CONVERSION = YES;
				CLANG_WARN_NON_LITERAL_NULL_CONVERSION = YES;
				CLANG_WARN_OBJC_IMPLICIT_RETAIN_SELF = YES;
				CLANG_WARN_OBJC_LITERAL_CONVERSION = YES;
				CLANG_WARN_OBJC_ROOT_CLASS = YES_ERROR;
				CLANG_WARN_RANGE_LOOP_ANALYSIS = YES;
				CLANG_WARN_STRICT_PROTOTYPES = YES;
				CLANG_WARN_SUSPICIOUS_MOVE = YES;
				CLANG_WARN_UNGUARDED_AVAILABILITY = YES_AGGRESSIVE;
				CLANG_WARN_UNREACHABLE_CODE = YES;
				CLANG_WARN__DUPLICATE_METHOD_MATCH = YES;
				CODE_SIGN_IDENTITY = "iPhone Developer";
				COPY_PHASE_STRIP = NO;
				DEBUG_INFORMATION_FORMAT = "dwarf-with-dsym";
				ENABLE_NS_ASSERTIONS = NO;
				ENABLE_STRICT_OBJC_MSGSEND = YES;
				GCC_C_LANGUAGE_STANDARD = gnu11;
				GCC_NO_COMMON_BLOCKS = YES;
				GCC_WARN_64_TO_32_BIT_CONVERSION = YES;
				GCC_WARN_ABOUT_RETURN_TYPE = YES_ERROR;
				GCC_WARN_UNDECLARED_SELECTOR = YES;
				GCC_WARN_UNINITIALIZED_AUTOS = YES_AGGRESSIVE;
				GCC_WARN_UNUSED_FUNCTION = YES;
				GCC_WARN_UNUSED_VARIABLE = YES;
				IPHONEOS_DEPLOYMENT_TARGET = 12.1;
				MTL_ENABLE_DEBUG_INFO = NO;
				MTL_FAST_MATH = YES;
				SDKROOT = iphoneos;
				SWIFT_COMPILATION_MODE = wholemodule;
				SWIFT_OPTIMIZATION_LEVEL = "-O";
				VALIDATE_PRODUCT = YES;
			};
			name = Release;
		};
		88AEE8DD21BA992D005C19A1 /* Debug */ = {
			isa = XCBuildConfiguration;
			buildSettings = {
				ASSETCATALOG_COMPILER_APPICON_NAME = AppIcon;
				CODE_SIGN_STYLE = Automatic;
				DEVELOPMENT_TEAM = 44ZWCLCJ2W;
				INFOPLIST_FILE = "coreML-image-classifer/Info.plist";
				LD_RUNPATH_SEARCH_PATHS = (
					"$(inherited)",
					"@executable_path/Frameworks",
				);
				PRODUCT_BUNDLE_IDENTIFIER = "com.M.coreML-image-classifer";
				PRODUCT_NAME = "$(TARGET_NAME)";
				SWIFT_VERSION = 4.2;
				TARGETED_DEVICE_FAMILY = "1,2";
			};
			name = Debug;
		};
		88AEE8DE21BA992D005C19A1 /* Release */ = {
			isa = XCBuildConfiguration;
			buildSettings = {
				ASSETCATALOG_COMPILER_APPICON_NAME = AppIcon;
				CODE_SIGN_STYLE = Automatic;
				DEVELOPMENT_TEAM = 44ZWCLCJ2W;
				INFOPLIST_FILE = "coreML-image-classifer/Info.plist";
				LD_RUNPATH_SEARCH_PATHS = (
					"$(inherited)",
					"@executable_path/Frameworks",
				);
				PRODUCT_BUNDLE_IDENTIFIER = "com.M.coreML-image-classifer";
				PRODUCT_NAME = "$(TARGET_NAME)";
				SWIFT_VERSION = 4.2;
				TARGETED_DEVICE_FAMILY = "1,2";
			};
			name = Release;
		};
/* End XCBuildConfiguration section */

/* Begin XCConfigurationList section */
		88AEE8C521BA992A005C19A1 /* Build configuration list for PBXProject "coreML-image-classifer" */ = {
			isa = XCConfigurationList;
			buildConfigurations = (
				88AEE8DA21BA992D005C19A1 /* Debug */,
				88AEE8DB21BA992D005C19A1 /* Release */,
			);
			defaultConfigurationIsVisible = 0;
			defaultConfigurationName = Release;
		};
		88AEE8DC21BA992D005C19A1 /* Build configuration list for PBXNativeTarget "coreML-image-classifer" */ = {
			isa = XCConfigurationList;
			buildConfigurations = (
				88AEE8DD21BA992D005C19A1 /* Debug */,
				88AEE8DE21BA992D005C19A1 /* Release */,
			);
			defaultConfigurationIsVisible = 0;
			defaultConfigurationName = Release;
		};
/* End XCConfigurationList section */
	};
	rootObject = 88AEE8C221BA992A005C19A1 /* Project object */;
}
